// !$*UTF8*$!
{
	archiveVersion = 1;
	classes = {
	};
	objectVersion = 77;
	objects = {

/* Begin PBXContainerItemProxy section */
		F10C78382DDF9718004B50CD /* PBXContainerItemProxy */ = {
			isa = PBXContainerItemProxy;
			containerPortal = F10C78222DDF9717004B50CD /* Project object */;
			proxyType = 1;
			remoteGlobalIDString = F10C78292DDF9717004B50CD;
			remoteInfo = tldr_newsapp;
		};
		F10C78422DDF9718004B50CD /* PBXContainerItemProxy */ = {
			isa = PBXContainerItemProxy;
			containerPortal = F10C78222DDF9717004B50CD /* Project object */;
			proxyType = 1;
			remoteGlobalIDString = F10C78292DDF9717004B50CD;
			remoteInfo = tldr_newsapp;
		};
/* End PBXContainerItemProxy section */

/* Begin PBXFileReference section */
		F10C782A2DDF9717004B50CD /* tldr_newsapp.app */ = {isa = PBXFileReference; explicitFileType = wrapper.application; includeInIndex = 0; path = tldr_newsapp.app; sourceTree = BUILT_PRODUCTS_DIR; };
		F10C78372DDF9718004B50CD /* tldr_newsappTests.xctest */ = {isa = PBXFileReference; explicitFileType = wrapper.cfbundle; includeInIndex = 0; path = tldr_newsappTests.xctest; sourceTree = BUILT_PRODUCTS_DIR; };
		F10C78412DDF9718004B50CD /* tldr_newsappUITests.xctest */ = {isa = PBXFileReference; explicitFileType = wrapper.cfbundle; includeInIndex = 0; path = tldr_newsappUITests.xctest; sourceTree = BUILT_PRODUCTS_DIR; };
/* End PBXFileReference section */

/* Begin PBXFileSystemSynchronizedRootGroup section */
		F10C782C2DDF9717004B50CD /* tldr_newsapp */ = {
			isa = PBXFileSystemSynchronizedRootGroup;
			path = tldr_newsapp;
			sourceTree = "<group>";
		};
		F10C783A2DDF9718004B50CD /* tldr_newsappTests */ = {
			isa = PBXFileSystemSynchronizedRootGroup;
			path = tldr_newsappTests;
			sourceTree = "<group>";
		};
		F10C78442DDF9718004B50CD /* tldr_newsappUITests */ = {
			isa = PBXFileSystemSynchronizedRootGroup;
			path = tldr_newsappUITests;
			sourceTree = "<group>";
		};
/* End PBXFileSystemSynchronizedRootGroup section */

/* Begin PBXFrameworksBuildPhase section */
		F10C78272DDF9717004B50CD /* Frameworks */ = {
			isa = PBXFrameworksBuildPhase;
			buildActionMask = 2147483647;
			files = (
			);
			runOnlyForDeploymentPostprocessing = 0;
		};
		F10C78342DDF9718004B50CD /* Frameworks */ = {
			isa = PBXFrameworksBuildPhase;
			buildActionMask = 2147483647;
			files = (
			);
			runOnlyForDeploymentPostprocessing = 0;
		};
		F10C783E2DDF9718004B50CD /* Frameworks */ = {
			isa = PBXFrameworksBuildPhase;
			buildActionMask = 2147483647;
			files = (
			);
			runOnlyForDeploymentPostprocessing = 0;
		};
/* End PBXFrameworksBuildPhase section */

/* Begin PBXGroup section */
		F10C78212DDF9717004B50CD = {
			isa = PBXGroup;
			children = (
				F10C782C2DDF9717004B50CD /* tldr_newsapp */,
				F10C783A2DDF9718004B50CD /* tldr_newsappTests */,
				F10C78442DDF9718004B50CD /* tldr_newsappUITests */,
				F10C782B2DDF9717004B50CD /* Products */,
			);
			sourceTree = "<group>";
		};
		F10C782B2DDF9717004B50CD /* Products */ = {
			isa = PBXGroup;
			children = (
				F10C782A2DDF9717004B50CD /* tldr_newsapp.app */,
				F10C78372DDF9718004B50CD /* tldr_newsappTests.xctest */,
				F10C78412DDF9718004B50CD /* tldr_newsappUITests.xctest */,
			);
			name = Products;
			sourceTree = "<group>";
		};
/* End PBXGroup section */

/* Begin PBXNativeTarget section */
		F10C78292DDF9717004B50CD /* tldr_newsapp */ = {
			isa = PBXNativeTarget;
			buildConfigurationList = F10C784B2DDF9718004B50CD /* Build configuration list for PBXNativeTarget "tldr_newsapp" */;
			buildPhases = (
				F10C78262DDF9717004B50CD /* Sources */,
				F10C78272DDF9717004B50CD /* Frameworks */,
				F10C78282DDF9717004B50CD /* Resources */,
			);
			buildRules = (
			);
			dependencies = (
			);
			fileSystemSynchronizedGroups = (
				F10C782C2DDF9717004B50CD /* tldr_newsapp */,
			);
			name = tldr_newsapp;
			packageProductDependencies = (
			);
			productName = tldr_newsapp;
			productReference = F10C782A2DDF9717004B50CD /* tldr_newsapp.app */;
			productType = "com.apple.product-type.application";
		};
		F10C78362DDF9718004B50CD /* tldr_newsappTests */ = {
			isa = PBXNativeTarget;
			buildConfigurationList = F10C784E2DDF9718004B50CD /* Build configuration list for PBXNativeTarget "tldr_newsappTests" */;
			buildPhases = (
				F10C78332DDF9718004B50CD /* Sources */,
				F10C78342DDF9718004B50CD /* Frameworks */,
				F10C78352DDF9718004B50CD /* Resources */,
			);
			buildRules = (
			);
			dependencies = (
				F10C78392DDF9718004B50CD /* PBXTargetDependency */,
			);
			fileSystemSynchronizedGroups = (
				F10C783A2DDF9718004B50CD /* tldr_newsappTests */,
			);
			name = tldr_newsappTests;
			packageProductDependencies = (
			);
			productName = tldr_newsappTests;
			productReference = F10C78372DDF9718004B50CD /* tldr_newsappTests.xctest */;
			productType = "com.apple.product-type.bundle.unit-test";
		};
		F10C78402DDF9718004B50CD /* tldr_newsappUITests */ = {
			isa = PBXNativeTarget;
			buildConfigurationList = F10C78512DDF9718004B50CD /* Build configuration list for PBXNativeTarget "tldr_newsappUITests" */;
			buildPhases = (
				F10C783D2DDF9718004B50CD /* Sources */,
				F10C783E2DDF9718004B50CD /* Frameworks */,
				F10C783F2DDF9718004B50CD /* Resources */,
			);
			buildRules = (
			);
			dependencies = (
				F10C78432DDF9718004B50CD /* PBXTargetDependency */,
			);
			fileSystemSynchronizedGroups = (
				F10C78442DDF9718004B50CD /* tldr_newsappUITests */,
			);
			name = tldr_newsappUITests;
			packageProductDependencies = (
			);
			productName = tldr_newsappUITests;
			productReference = F10C78412DDF9718004B50CD /* tldr_newsappUITests.xctest */;
			productType = "com.apple.product-type.bundle.ui-testing";
		};
/* End PBXNativeTarget section */

/* Begin PBXProject section */
		F10C78222DDF9717004B50CD /* Project object */ = {
			isa = PBXProject;
			attributes = {
				BuildIndependentTargetsInParallel = 1;
				LastSwiftUpdateCheck = 1630;
				LastUpgradeCheck = 1630;
				TargetAttributes = {
					F10C78292DDF9717004B50CD = {
						CreatedOnToolsVersion = 16.3;
					};
					F10C78362DDF9718004B50CD = {
						CreatedOnToolsVersion = 16.3;
						TestTargetID = F10C78292DDF9717004B50CD;
					};
					F10C78402DDF9718004B50CD = {
						CreatedOnToolsVersion = 16.3;
						TestTargetID = F10C78292DDF9717004B50CD;
					};
				};
			};
			buildConfigurationList = F10C78252DDF9717004B50CD /* Build configuration list for PBXProject "tldr_newsapp" */;
			developmentRegion = en;
			hasScannedForEncodings = 0;
			knownRegions = (
				en,
				Base,
			);
			mainGroup = F10C78212DDF9717004B50CD;
			minimizedProjectReferenceProxies = 1;
			preferredProjectObjectVersion = 77;
			productRefGroup = F10C782B2DDF9717004B50CD /* Products */;
			projectDirPath = "";
			projectRoot = "";
			targets = (
				F10C78292DDF9717004B50CD /* tldr_newsapp */,
				F10C78362DDF9718004B50CD /* tldr_newsappTests */,
				F10C78402DDF9718004B50CD /* tldr_newsappUITests */,
			);
		};
/* End PBXProject section */

/* Begin PBXResourcesBuildPhase section */
		F10C78282DDF9717004B50CD /* Resources */ = {
			isa = PBXResourcesBuildPhase;
			buildActionMask = 2147483647;
			files = (
			);
			runOnlyForDeploymentPostprocessing = 0;
		};
		F10C78352DDF9718004B50CD /* Resources */ = {
			isa = PBXResourcesBuildPhase;
			buildActionMask = 2147483647;
			files = (
			);
			runOnlyForDeploymentPostprocessing = 0;
		};
		F10C783F2DDF9718004B50CD /* Resources */ = {
			isa = PBXResourcesBuildPhase;
			buildActionMask = 2147483647;
			files = (
			);
			runOnlyForDeploymentPostprocessing = 0;
		};
/* End PBXResourcesBuildPhase section */

/* Begin PBXSourcesBuildPhase section */
		F10C78262DDF9717004B50CD /* Sources */ = {
			isa = PBXSourcesBuildPhase;
			buildActionMask = 2147483647;
			files = (
			);
			runOnlyForDeploymentPostprocessing = 0;
		};
		F10C78332DDF9718004B50CD /* Sources */ = {
			isa = PBXSourcesBuildPhase;
			buildActionMask = 2147483647;
			files = (
			);
			runOnlyForDeploymentPostprocessing = 0;
		};
		F10C783D2DDF9718004B50CD /* Sources */ = {
			isa = PBXSourcesBuildPhase;
			buildActionMask = 2147483647;
			files = (
			);
			runOnlyForDeploymentPostprocessing = 0;
		};
/* End PBXSourcesBuildPhase section */

/* Begin PBXTargetDependency section */
		F10C78392DDF9718004B50CD /* PBXTargetDependency */ = {
			isa = PBXTargetDependency;
			target = F10C78292DDF9717004B50CD /* tldr_newsapp */;
			targetProxy = F10C78382DDF9718004B50CD /* PBXContainerItemProxy */;
		};
		F10C78432DDF9718004B50CD /* PBXTargetDependency */ = {
			isa = PBXTargetDependency;
			target = F10C78292DDF9717004B50CD /* tldr_newsapp */;
			targetProxy = F10C78422DDF9718004B50CD /* PBXContainerItemProxy */;
		};
/* End PBXTargetDependency section */

/* Begin XCBuildConfiguration section */
		F10C78492DDF9718004B50CD /* Debug */ = {
			isa = XCBuildConfiguration;
			buildSettings = {
				ALWAYS_SEARCH_USER_PATHS = NO;
				ASSETCATALOG_COMPILER_GENERATE_SWIFT_ASSET_SYMBOL_EXTENSIONS = YES;
				CLANG_ANALYZER_NONNULL = YES;
				CLANG_ANALYZER_NUMBER_OBJECT_CONVERSION = YES_AGGRESSIVE;
				CLANG_CXX_LANGUAGE_STANDARD = "gnu++20";
				CLANG_ENABLE_MODULES = YES;
				CLANG_ENABLE_OBJC_ARC = YES;
				CLANG_ENABLE_OBJC_WEAK = YES;
				CLANG_WARN_BLOCK_CAPTURE_AUTORELEASING = YES;
				CLANG_WARN_BOOL_CONVERSION = YES;
				CLANG_WARN_COMMA = YES;
				CLANG_WARN_CONSTANT_CONVERSION = YES;
				CLANG_WARN_DEPRECATED_OBJC_IMPLEMENTATIONS = YES;
				CLANG_WARN_DIRECT_OBJC_ISA_USAGE = YES_ERROR;
				CLANG_WARN_DOCUMENTATION_COMMENTS = YES;
				CLANG_WARN_EMPTY_BODY = YES;
				CLANG_WARN_ENUM_CONVERSION = YES;
				CLANG_WARN_INFINITE_RECURSION = YES;
				CLANG_WARN_INT_CONVERSION = YES;
				CLANG_WARN_NON_LITERAL_NULL_CONVERSION = YES;
				CLANG_WARN_OBJC_IMPLICIT_RETAIN_SELF = YES;
				CLANG_WARN_OBJC_LITERAL_CONVERSION = YES;
				CLANG_WARN_OBJC_ROOT_CLASS = YES_ERROR;
				CLANG_WARN_QUOTED_INCLUDE_IN_FRAMEWORK_HEADER = YES;
				CLANG_WARN_RANGE_LOOP_ANALYSIS = YES;
				CLANG_WARN_STRICT_PROTOTYPES = YES;
				CLANG_WARN_SUSPICIOUS_MOVE = YES;
				CLANG_WARN_UNGUARDED_AVAILABILITY = YES_AGGRESSIVE;
				CLANG_WARN_UNREACHABLE_CODE = YES;
				CLANG_WARN__DUPLICATE_METHOD_MATCH = YES;
				COPY_PHASE_STRIP = NO;
				DEBUG_INFORMATION_FORMAT = dwarf;
				ENABLE_STRICT_OBJC_MSGSEND = YES;
				ENABLE_TESTABILITY = YES;
				ENABLE_USER_SCRIPT_SANDBOXING = YES;
				GCC_C_LANGUAGE_STANDARD = gnu17;
				GCC_DYNAMIC_NO_PIC = NO;
				GCC_NO_COMMON_BLOCKS = YES;
				GCC_OPTIMIZATION_LEVEL = 0;
				GCC_PREPROCESSOR_DEFINITIONS = (
					"DEBUG=1",
					"$(inherited)",
				);
				GCC_WARN_64_TO_32_BIT_CONVERSION = YES;
				GCC_WARN_ABOUT_RETURN_TYPE = YES_ERROR;
				GCC_WARN_UNDECLARED_SELECTOR = YES;
				GCC_WARN_UNINITIALIZED_AUTOS = YES_AGGRESSIVE;
				GCC_WARN_UNUSED_FUNCTION = YES;
				GCC_WARN_UNUSED_VARIABLE = YES;
				IPHONEOS_DEPLOYMENT_TARGET = 18.4;
				LOCALIZATION_PREFERS_STRING_CATALOGS = YES;
				MTL_ENABLE_DEBUG_INFO = INCLUDE_SOURCE;
				MTL_FAST_MATH = YES;
				ONLY_ACTIVE_ARCH = YES;
				SDKROOT = iphoneos;
				SWIFT_ACTIVE_COMPILATION_CONDITIONS = "DEBUG $(inherited)";
				SWIFT_OPTIMIZATION_LEVEL = "-Onone";
			};
			name = Debug;
		};
		F10C784A2DDF9718004B50CD /* Release */ = {
			isa = XCBuildConfiguration;
			buildSettings = {
				ALWAYS_SEARCH_USER_PATHS = NO;
				ASSETCATALOG_COMPILER_GENERATE_SWIFT_ASSET_SYMBOL_EXTENSIONS = YES;
				CLANG_ANALYZER_NONNULL = YES;
				CLANG_ANALYZER_NUMBER_OBJECT_CONVERSION = YES_AGGRESSIVE;
				CLANG_CXX_LANGUAGE_STANDARD = "gnu++20";
				CLANG_ENABLE_MODULES = YES;
				CLANG_ENABLE_OBJC_ARC = YES;
				CLANG_ENABLE_OBJC_WEAK = YES;
				CLANG_WARN_BLOCK_CAPTURE_AUTORELEASING = YES;
				CLANG_WARN_BOOL_CONVERSION = YES;
				CLANG_WARN_COMMA = YES;
				CLANG_WARN_CONSTANT_CONVERSION = YES;
				CLANG_WARN_DEPRECATED_OBJC_IMPLEMENTATIONS = YES;
				CLANG_WARN_DIRECT_OBJC_ISA_USAGE = YES_ERROR;
				CLANG_WARN_DOCUMENTATION_COMMENTS = YES;
				CLANG_WARN_EMPTY_BODY = YES;
				CLANG_WARN_ENUM_CONVERSION = YES;
				CLANG_WARN_INFINITE_RECURSION = YES;
				CLANG_WARN_INT_CONVERSION = YES;
				CLANG_WARN_NON_LITERAL_NULL_CONVERSION = YES;
				CLANG_WARN_OBJC_IMPLICIT_RETAIN_SELF = YES;
				CLANG_WARN_OBJC_LITERAL_CONVERSION = YES;
				CLANG_WARN_OBJC_ROOT_CLASS = YES_ERROR;
				CLANG_WARN_QUOTED_INCLUDE_IN_FRAMEWORK_HEADER = YES;
				CLANG_WARN_RANGE_LOOP_ANALYSIS = YES;
				CLANG_WARN_STRICT_PROTOTYPES = YES;
				CLANG_WARN_SUSPICIOUS_MOVE = YES;
				CLANG_WARN_UNGUARDED_AVAILABILITY = YES_AGGRESSIVE;
				CLANG_WARN_UNREACHABLE_CODE = YES;
				CLANG_WARN__DUPLICATE_METHOD_MATCH = YES;
				COPY_PHASE_STRIP = NO;
				DEBUG_INFORMATION_FORMAT = "dwarf-with-dsym";
				ENABLE_NS_ASSERTIONS = NO;
				ENABLE_STRICT_OBJC_MSGSEND = YES;
				ENABLE_USER_SCRIPT_SANDBOXING = YES;
				GCC_C_LANGUAGE_STANDARD = gnu17;
				GCC_NO_COMMON_BLOCKS = YES;
				GCC_WARN_64_TO_32_BIT_CONVERSION = YES;
				GCC_WARN_ABOUT_RETURN_TYPE = YES_ERROR;
				GCC_WARN_UNDECLARED_SELECTOR = YES;
				GCC_WARN_UNINITIALIZED_AUTOS = YES_AGGRESSIVE;
				GCC_WARN_UNUSED_FUNCTION = YES;
				GCC_WARN_UNUSED_VARIABLE = YES;
				IPHONEOS_DEPLOYMENT_TARGET = 18.4;
				LOCALIZATION_PREFERS_STRING_CATALOGS = YES;
				MTL_ENABLE_DEBUG_INFO = NO;
				MTL_FAST_MATH = YES;
				SDKROOT = iphoneos;
				SWIFT_COMPILATION_MODE = wholemodule;
				VALIDATE_PRODUCT = YES;
			};
			name = Release;
		};
		F10C784C2DDF9718004B50CD /* Debug */ = {
			isa = XCBuildConfiguration;
			buildSettings = {
				ASSETCATALOG_COMPILER_APPICON_NAME = AppIcon;
				ASSETCATALOG_COMPILER_GLOBAL_ACCENT_COLOR_NAME = AccentColor;
				CODE_SIGN_STYLE = Automatic;
				CURRENT_PROJECT_VERSION = 1;
				ENABLE_PREVIEWS = YES;
				GENERATE_INFOPLIST_FILE = YES;
				INFOPLIST_KEY_UIApplicationSceneManifest_Generation = YES;
				INFOPLIST_KEY_UIApplicationSupportsIndirectInputEvents = YES;
				INFOPLIST_KEY_UILaunchScreen_Generation = YES;
				INFOPLIST_KEY_UISupportedInterfaceOrientations_iPad = "UIInterfaceOrientationPortrait UIInterfaceOrientationPortraitUpsideDown UIInterfaceOrientationLandscapeLeft UIInterfaceOrientationLandscapeRight";
				INFOPLIST_KEY_UISupportedInterfaceOrientations_iPhone = "UIInterfaceOrientationPortrait UIInterfaceOrientationLandscapeLeft UIInterfaceOrientationLandscapeRight";
				LD_RUNPATH_SEARCH_PATHS = (
					"$(inherited)",
					"@executable_path/Frameworks",
				);
				MARKETING_VERSION = 1.0;
				PRODUCT_BUNDLE_IDENTIFIER = "spiderpig.tldr-newsapp";
				PRODUCT_NAME = "$(TARGET_NAME)";
				SWIFT_EMIT_LOC_STRINGS = YES;
				SWIFT_VERSION = 5.0;
				TARGETED_DEVICE_FAMILY = "1,2";
			};
			name = Debug;
		};
		F10C784D2DDF9718004B50CD /* Release */ = {
			isa = XCBuildConfiguration;
			buildSettings = {
				ASSETCATALOG_COMPILER_APPICON_NAME = AppIcon;
				ASSETCATALOG_COMPILER_GLOBAL_ACCENT_COLOR_NAME = AccentColor;
				CODE_SIGN_STYLE = Automatic;
				CURRENT_PROJECT_VERSION = 1;
				ENABLE_PREVIEWS = YES;
				GENERATE_INFOPLIST_FILE = YES;
				INFOPLIST_KEY_UIApplicationSceneManifest_Generation = YES;
				INFOPLIST_KEY_UIApplicationSupportsIndirectInputEvents = YES;
				INFOPLIST_KEY_UILaunchScreen_Generation = YES;
				INFOPLIST_KEY_UISupportedInterfaceOrientations_iPad = "UIInterfaceOrientationPortrait UIInterfaceOrientationPortraitUpsideDown UIInterfaceOrientationLandscapeLeft UIInterfaceOrientationLandscapeRight";
				INFOPLIST_KEY_UISupportedInterfaceOrientations_iPhone = "UIInterfaceOrientationPortrait UIInterfaceOrientationLandscapeLeft UIInterfaceOrientationLandscapeRight";
				LD_RUNPATH_SEARCH_PATHS = (
					"$(inherited)",
					"@executable_path/Frameworks",
				);
				MARKETING_VERSION = 1.0;
				PRODUCT_BUNDLE_IDENTIFIER = "spiderpig.tldr-newsapp";
				PRODUCT_NAME = "$(TARGET_NAME)";
				SWIFT_EMIT_LOC_STRINGS = YES;
				SWIFT_VERSION = 5.0;
				TARGETED_DEVICE_FAMILY = "1,2";
			};
			name = Release;
		};
		F10C784F2DDF9718004B50CD /* Debug */ = {
			isa = XCBuildConfiguration;
			buildSettings = {
				BUNDLE_LOADER = "$(TEST_HOST)";
				CODE_SIGN_STYLE = Automatic;
				CURRENT_PROJECT_VERSION = 1;
				GENERATE_INFOPLIST_FILE = YES;
				IPHONEOS_DEPLOYMENT_TARGET = 18.4;
				MARKETING_VERSION = 1.0;
				PRODUCT_BUNDLE_IDENTIFIER = "spiderpig.tldr-newsappTests";
				PRODUCT_NAME = "$(TARGET_NAME)";
				SWIFT_EMIT_LOC_STRINGS = NO;
				SWIFT_VERSION = 5.0;
				TARGETED_DEVICE_FAMILY = "1,2";
				TEST_HOST = "$(BUILT_PRODUCTS_DIR)/tldr_newsapp.app/$(BUNDLE_EXECUTABLE_FOLDER_PATH)/tldr_newsapp";
			};
			name = Debug;
		};
		F10C78502DDF9718004B50CD /* Release */ = {
			isa = XCBuildConfiguration;
			buildSettings = {
				BUNDLE_LOADER = "$(TEST_HOST)";
				CODE_SIGN_STYLE = Automatic;
				CURRENT_PROJECT_VERSION = 1;
				GENERATE_INFOPLIST_FILE = YES;
				IPHONEOS_DEPLOYMENT_TARGET = 18.4;
				MARKETING_VERSION = 1.0;
				PRODUCT_BUNDLE_IDENTIFIER = "spiderpig.tldr-newsappTests";
				PRODUCT_NAME = "$(TARGET_NAME)";
				SWIFT_EMIT_LOC_STRINGS = NO;
				SWIFT_VERSION = 5.0;
				TARGETED_DEVICE_FAMILY = "1,2";
				TEST_HOST = "$(BUILT_PRODUCTS_DIR)/tldr_newsapp.app/$(BUNDLE_EXECUTABLE_FOLDER_PATH)/tldr_newsapp";
			};
			name = Release;
		};
		F10C78522DDF9718004B50CD /* Debug */ = {
			isa = XCBuildConfiguration;
			buildSettings = {
				CODE_SIGN_STYLE = Automatic;
				CURRENT_PROJECT_VERSION = 1;
				GENERATE_INFOPLIST_FILE = YES;
				MARKETING_VERSION = 1.0;
				PRODUCT_BUNDLE_IDENTIFIER = "spiderpig.tldr-newsappUITests";
				PRODUCT_NAME = "$(TARGET_NAME)";
				SWIFT_EMIT_LOC_STRINGS = NO;
				SWIFT_VERSION = 5.0;
				TARGETED_DEVICE_FAMILY = "1,2";
				TEST_TARGET_NAME = tldr_newsapp;
			};
			name = Debug;
		};
		F10C78532DDF9718004B50CD /* Release */ = {
			isa = XCBuildConfiguration;
			buildSettings = {
				CODE_SIGN_STYLE = Automatic;
				CURRENT_PROJECT_VERSION = 1;
				GENERATE_INFOPLIST_FILE = YES;
				MARKETING_VERSION = 1.0;
				PRODUCT_BUNDLE_IDENTIFIER = "spiderpig.tldr-newsappUITests";
				PRODUCT_NAME = "$(TARGET_NAME)";
				SWIFT_EMIT_LOC_STRINGS = NO;
				SWIFT_VERSION = 5.0;
				TARGETED_DEVICE_FAMILY = "1,2";
				TEST_TARGET_NAME = tldr_newsapp;
			};
			name = Release;
		};
/* End XCBuildConfiguration section */

/* Begin XCConfigurationList section */
		F10C78252DDF9717004B50CD /* Build configuration list for PBXProject "tldr_newsapp" */ = {
			isa = XCConfigurationList;
			buildConfigurations = (
				F10C78492DDF9718004B50CD /* Debug */,
				F10C784A2DDF9718004B50CD /* Release */,
			);
			defaultConfigurationIsVisible = 0;
			defaultConfigurationName = Release;
		};
		F10C784B2DDF9718004B50CD /* Build configuration list for PBXNativeTarget "tldr_newsapp" */ = {
			isa = XCConfigurationList;
			buildConfigurations = (
				F10C784C2DDF9718004B50CD /* Debug */,
				F10C784D2DDF9718004B50CD /* Release */,
			);
			defaultConfigurationIsVisible = 0;
			defaultConfigurationName = Release;
		};
		F10C784E2DDF9718004B50CD /* Build configuration list for PBXNativeTarget "tldr_newsappTests" */ = {
			isa = XCConfigurationList;
			buildConfigurations = (
				F10C784F2DDF9718004B50CD /* Debug */,
				F10C78502DDF9718004B50CD /* Release */,
			);
			defaultConfigurationIsVisible = 0;
			defaultConfigurationName = Release;
		};
		F10C78512DDF9718004B50CD /* Build configuration list for PBXNativeTarget "tldr_newsappUITests" */ = {
			isa = XCConfigurationList;
			buildConfigurations = (
				F10C78522DDF9718004B50CD /* Debug */,
				F10C78532DDF9718004B50CD /* Release */,
			);
			defaultConfigurationIsVisible = 0;
			defaultConfigurationName = Release;
		};
/* End XCConfigurationList section */
	};
	rootObject = F10C78222DDF9717004B50CD /* Project object */;
}
